
Microsoft Visual Studio Solution File, Format Version 12.00
# Visual Studio Version 17
VisualStudioVersion = 17.0.31903.59
MinimumVisualStudioVersion = 10.0.40219.1
Project("{2150E333-8FDC-42A3-9474-1A3956D46DE8}") = "src", "src", "{1327EC35-EFE2-4025-BD5A-106439C74C3A}"
EndProject
Project("{FAE04EC0-301F-11D3-BF4B-00C04F79EFBC}") = "ActionTyranno.Core", "src\ActionTyranno.Core\ActionTyranno.Core.csproj", "{312C37B9-A061-4308-96C9-829DDF74DE91}"
EndProject
Project("{FAE04EC0-301F-11D3-BF4B-00C04F79EFBC}") = "ActionTyranno.App", "src\ActionTyranno.App\ActionTyranno.App.csproj", "{7CC3447B-0889-48DA-936F-01DE5F24C085}"
EndProject
Global
	GlobalSection(SolutionConfigurationPlatforms) = preSolution
		Debug|Any CPU = Debug|Any CPU
		Release|Any CPU = Release|Any CPU
	EndGlobalSection
	GlobalSection(SolutionProperties) = preSolution
		HideSolutionNode = FALSE
	EndGlobalSection
	GlobalSection(ProjectConfigurationPlatforms) = postSolution
		{312C37B9-A061-4308-96C9-829DDF74DE91}.Debug|Any CPU.ActiveCfg = Debug|Any CPU
		{312C37B9-A061-4308-96C9-829DDF74DE91}.Debug|Any CPU.Build.0 = Debug|Any CPU
		{312C37B9-A061-4308-96C9-829DDF74DE91}.Release|Any CPU.ActiveCfg = Release|Any CPU
		{312C37B9-A061-4308-96C9-829DDF74DE91}.Release|Any CPU.Build.0 = Release|Any CPU
		{7CC3447B-0889-48DA-936F-01DE5F24C085}.Debug|Any CPU.ActiveCfg = Debug|Any CPU
		{7CC3447B-0889-48DA-936F-01DE5F24C085}.Debug|Any CPU.Build.0 = Debug|Any CPU
		{7CC3447B-0889-48DA-936F-01DE5F24C085}.Release|Any CPU.ActiveCfg = Release|Any CPU
		{7CC3447B-0889-48DA-936F-01DE5F24C085}.Release|Any CPU.Build.0 = Release|Any CPU
	EndGlobalSection
	GlobalSection(NestedProjects) = preSolution
		{312C37B9-A061-4308-96C9-829DDF74DE91} = {1327EC35-EFE2-4025-BD5A-106439C74C3A}
		{7CC3447B-0889-48DA-936F-01DE5F24C085} = {1327EC35-EFE2-4025-BD5A-106439C74C3A}
	EndGlobalSection
EndGlobal
